
Microsoft Visual Studio Solution File, Format Version 12.00
# Visual Studio Version 17
VisualStudioVersion = 17.13.35931.197
MinimumVisualStudioVersion = 10.0.40219.1
Project("{FAE04EC0-301F-11D3-BF4B-00C04F79EFBC}") = "MathOperations.API", "MathOperations.API\MathOperations.API.csproj", "{759EA4F6-B8FB-4F85-AA1B-378DBA65075F}"
EndProject
Project("{FAE04EC0-301F-11D3-BF4B-00C04F79EFBC}") = "ERP_dl", "MathOperations.Domain\ERP_dl.csproj", "{79406BBC-FC68-41E0-AB01-36FC86FB7B56}"
EndProject
Project("{FAE04EC0-301F-11D3-BF4B-00C04F79EFBC}") = "Erp_Repo", "MathOperations.Application\Erp_Repo.csproj", "{746B7E7A-C1D7-4E60-ACA8-051887137690}"
EndProject
Global
	GlobalSection(SolutionConfigurationPlatforms) = preSolution
		Debug|Any CPU = Debug|Any CPU
		Release|Any CPU = Release|Any CPU
	EndGlobalSection
	GlobalSection(ProjectConfigurationPlatforms) = postSolution
		{759EA4F6-B8FB-4F85-AA1B-378DBA65075F}.Debug|Any CPU.ActiveCfg = Debug|Any CPU
		{759EA4F6-B8FB-4F85-AA1B-378DBA65075F}.Debug|Any CPU.Build.0 = Debug|Any CPU
		{759EA4F6-B8FB-4F85-AA1B-378DBA65075F}.Release|Any CPU.ActiveCfg = Release|Any CPU
		{759EA4F6-B8FB-4F85-AA1B-378DBA65075F}.Release|Any CPU.Build.0 = Release|Any CPU
		{79406BBC-FC68-41E0-AB01-36FC86FB7B56}.Debug|Any CPU.ActiveCfg = Debug|Any CPU
		{79406BBC-FC68-41E0-AB01-36FC86FB7B56}.Debug|Any CPU.Build.0 = Debug|Any CPU
		{79406BBC-FC68-41E0-AB01-36FC86FB7B56}.Release|Any CPU.ActiveCfg = Release|Any CPU
		{79406BBC-FC68-41E0-AB01-36FC86FB7B56}.Release|Any CPU.Build.0 = Release|Any CPU
		{746B7E7A-C1D7-4E60-ACA8-051887137690}.Debug|Any CPU.ActiveCfg = Debug|Any CPU
		{746B7E7A-C1D7-4E60-ACA8-051887137690}.Debug|Any CPU.Build.0 = Debug|Any CPU
		{746B7E7A-C1D7-4E60-ACA8-051887137690}.Release|Any CPU.ActiveCfg = Release|Any CPU
		{746B7E7A-C1D7-4E60-ACA8-051887137690}.Release|Any CPU.Build.0 = Release|Any CPU
	EndGlobalSection
	GlobalSection(SolutionProperties) = preSolution
		HideSolutionNode = FALSE
	EndGlobalSection
	GlobalSection(ExtensibilityGlobals) = postSolution
		SolutionGuid = {97294171-1175-4085-8F5A-65DE7DD5068F}
	EndGlobalSection
EndGlobal
